
Microsoft Visual Studio Solution File, Format Version 11.00
# Visual Studio 2010
Project("{FAE04EC0-301F-11D3-BF4B-00C04F79EFBC}") = "第11节-递归", "第11节-递归\第11节-递归.csproj", "{DCC265EF-D887-44F7-A496-2BD3E9CBA3F9}"
EndProject
Project("{FAE04EC0-301F-11D3-BF4B-00C04F79EFBC}") = "方法的调用过程", "方法的调用过程\方法的调用过程.csproj", "{B73403D4-6FA2-4D64-8AD4-44DC47282DD7}"
EndProject
Global
	GlobalSection(SolutionConfigurationPlatforms) = preSolution
		Debug|x86 = Debug|x86
		Release|x86 = Release|x86
	EndGlobalSection
	GlobalSection(ProjectConfigurationPlatforms) = postSolution
		{DCC265EF-D887-44F7-A496-2BD3E9CBA3F9}.Debug|x86.ActiveCfg = Debug|x86
		{DCC265EF-D887-44F7-A496-2BD3E9CBA3F9}.Debug|x86.Build.0 = Debug|x86
		{DCC265EF-D887-44F7-A496-2BD3E9CBA3F9}.Release|x86.ActiveCfg = Release|x86
		{DCC265EF-D887-44F7-A496-2BD3E9CBA3F9}.Release|x86.Build.0 = Release|x86
		{B73403D4-6FA2-4D64-8AD4-44DC47282DD7}.Debug|x86.ActiveCfg = Debug|x86
		{B73403D4-6FA2-4D64-8AD4-44DC47282DD7}.Debug|x86.Build.0 = Debug|x86
		{B73403D4-6FA2-4D64-8AD4-44DC47282DD7}.Release|x86.ActiveCfg = Release|x86
		{B73403D4-6FA2-4D64-8AD4-44DC47282DD7}.Release|x86.Build.0 = Release|x86
	EndGlobalSection
	GlobalSection(SolutionProperties) = preSolution
		HideSolutionNode = FALSE
	EndGlobalSection
EndGlobal
